
Microsoft Visual Studio Solution File, Format Version 12.00
# Visual Studio Version 16
VisualStudioVersion = 16.0.31105.61
MinimumVisualStudioVersion = 10.0.40219.1
Project("{FAE04EC0-301F-11D3-BF4B-00C04F79EFBC}") = "ECommerceWithRoles", "ECommerceWithRoles\ECommerceWithRoles.csproj", "{633A0AF0-CAD8-4FB5-B86A-6522DFABAECE}"
EndProject
Global
	GlobalSection(SolutionConfigurationPlatforms) = preSolution
		Debug|Any CPU = Debug|Any CPU
		Release|Any CPU = Release|Any CPU
	EndGlobalSection
	GlobalSection(ProjectConfigurationPlatforms) = postSolution
		{633A0AF0-CAD8-4FB5-B86A-6522DFABAECE}.Debug|Any CPU.ActiveCfg = Debug|Any CPU
		{633A0AF0-CAD8-4FB5-B86A-6522DFABAECE}.Debug|Any CPU.Build.0 = Debug|Any CPU
		{633A0AF0-CAD8-4FB5-B86A-6522DFABAECE}.Release|Any CPU.ActiveCfg = Release|Any CPU
		{633A0AF0-CAD8-4FB5-B86A-6522DFABAECE}.Release|Any CPU.Build.0 = Release|Any CPU
	EndGlobalSection
	GlobalSection(SolutionProperties) = preSolution
		HideSolutionNode = FALSE
	EndGlobalSection
	GlobalSection(ExtensibilityGlobals) = postSolution
		SolutionGuid = {FBFB3C6C-5902-4D07-8C64-6E31DDE7583C}
	EndGlobalSection
EndGlobal
